
Microsoft Visual Studio Solution File, Format Version 12.00
# Visual Studio Version 18
VisualStudioVersion = 18.3.11206.111
MinimumVisualStudioVersion = 10.0.40219.1
Project("{FAE04EC0-301F-11D3-BF4B-00C04F79EFBC}") = "Gateway", "Assessment.Gateway\Gateway.csproj", "{73040C4A-EC4D-4A2A-A293-D26671A1D76D}"
EndProject
Project("{FAE04EC0-301F-11D3-BF4B-00C04F79EFBC}") = "Gateway.Tests", "Assessment.Gateway.Test\Gateway.Tests.csproj", "{639B2957-C0FB-46BC-AB0A-43E5C2751911}"
EndProject
Global
	GlobalSection(SolutionConfigurationPlatforms) = preSolution
		Debug|Any CPU = Debug|Any CPU
		Release|Any CPU = Release|Any CPU
	EndGlobalSection
	GlobalSection(ProjectConfigurationPlatforms) = postSolution
		{73040C4A-EC4D-4A2A-A293-D26671A1D76D}.Debug|Any CPU.ActiveCfg = Debug|Any CPU
		{73040C4A-EC4D-4A2A-A293-D26671A1D76D}.Debug|Any CPU.Build.0 = Debug|Any CPU
		{73040C4A-EC4D-4A2A-A293-D26671A1D76D}.Release|Any CPU.ActiveCfg = Release|Any CPU
		{73040C4A-EC4D-4A2A-A293-D26671A1D76D}.Release|Any CPU.Build.0 = Release|Any CPU
		{639B2957-C0FB-46BC-AB0A-43E5C2751911}.Debug|Any CPU.ActiveCfg = Debug|Any CPU
		{639B2957-C0FB-46BC-AB0A-43E5C2751911}.Debug|Any CPU.Build.0 = Debug|Any CPU
		{639B2957-C0FB-46BC-AB0A-43E5C2751911}.Release|Any CPU.ActiveCfg = Release|Any CPU
		{639B2957-C0FB-46BC-AB0A-43E5C2751911}.Release|Any CPU.Build.0 = Release|Any CPU
	EndGlobalSection
	GlobalSection(SolutionProperties) = preSolution
		HideSolutionNode = FALSE
	EndGlobalSection
	GlobalSection(ExtensibilityGlobals) = postSolution
		SolutionGuid = {21F546C0-E798-435A-936B-2717AC4F59CE}
	EndGlobalSection
EndGlobal
